
Microsoft Visual Studio Solution File, Format Version 12.00
# Visual Studio Version 17
VisualStudioVersion = 17.5.33516.290
MinimumVisualStudioVersion = 10.0.40219.1
Project("{FAE04EC0-301F-11D3-BF4B-00C04F79EFBC}") = "Application1", "Application1.csproj", "{7A39E8DD-7A1D-41B0-B4CA-967B9426EA9C}"
EndProject
Global
	GlobalSection(SolutionConfigurationPlatforms) = preSolution
		Debug|Any CPU = Debug|Any CPU
		Release|Any CPU = Release|Any CPU
	EndGlobalSection
	GlobalSection(ProjectConfigurationPlatforms) = postSolution
		{7A39E8DD-7A1D-41B0-B4CA-967B9426EA9C}.Debug|Any CPU.ActiveCfg = Debug|Any CPU
		{7A39E8DD-7A1D-41B0-B4CA-967B9426EA9C}.Debug|Any CPU.Build.0 = Debug|Any CPU
		{7A39E8DD-7A1D-41B0-B4CA-967B9426EA9C}.Release|Any CPU.ActiveCfg = Release|Any CPU
		{7A39E8DD-7A1D-41B0-B4CA-967B9426EA9C}.Release|Any CPU.Build.0 = Release|Any CPU
	EndGlobalSection
	GlobalSection(SolutionProperties) = preSolution
		HideSolutionNode = FALSE
	EndGlobalSection
	GlobalSection(ExtensibilityGlobals) = postSolution
		SolutionGuid = {E702A48F-1F11-45F6-9EEE-DA3DFB4CA442}
	EndGlobalSection
EndGlobal
